{
  "version": 4,
  "terraform_version": "1.6.5",
  "serial": 399,
  "lineage": "7ae6db82-9b2e-1fd3-afa4-4c6692fa2f39",
  "outputs": {
    "public_ip": {
      "value": "107.23.236.75",
      "type": "string"
    }
  },
  "resources": [
    {
      "module": "module.instance",
      "mode": "data",
      "type": "ct_config",
      "name": "config",
      "provider": "provider[\"registry.terraform.io/poseidon/ct\"]",
      "instances": [
        {
          "schema_version": 0,
          "attributes": {
            "content": "variant: fcos\nversion: 1.2.0\npasswd:\n  users:\n  - name: core\n    ssh_authorized_keys:\n    - ssh-rsa AAAAB3NzaC1yc2EAAAADAQABAAABAQC0lJB857zRemaCiJUo+k4tD853AqaIrvXAnJ8/9KiG6nb8+2R0XQFDxNUAE18yAYdbZBF9x8lhFqFk768UJsirQUe+ey6tdpj3R7FvtcdU7Bo5uMD8xB6uIXhgkQjwYvaXkh9VuhzG0MlsNLKhYqt1fImyfXeefzfz/JXUqu/gOSCpAd1/IE+/D4qadq06od06SvYUP1st7QMqWwz8oPml5v/SxhRrQ06z/HdplPXl79QjX/i9gXNRmyLwVxU4ZJkD4B3ZtBe3ZlSvC8IRuJy26RTkPcrUnNF6QDQhYntFZJDhJbF3oSO0LsVvpXkWhtVmvm5Zi8RfyD31b1zXaIo7\n\n    groups:\n      - docker",
            "id": "4240331882",
            "pretty_print": false,
            "rendered": "{\"ignition\":{\"config\":{\"replace\":{\"verification\":{}}},\"proxy\":{},\"security\":{\"tls\":{}},\"timeouts\":{},\"version\":\"3.4.0\"},\"kernelArguments\":{},\"passwd\":{\"users\":[{\"groups\":[\"docker\"],\"name\":\"core\",\"sshAuthorizedKeys\":[\"ssh-rsa AAAAB3NzaC1yc2EAAAADAQABAAABAQC0lJB857zRemaCiJUo+k4tD853AqaIrvXAnJ8/9KiG6nb8+2R0XQFDxNUAE18yAYdbZBF9x8lhFqFk768UJsirQUe+ey6tdpj3R7FvtcdU7Bo5uMD8xB6uIXhgkQjwYvaXkh9VuhzG0MlsNLKhYqt1fImyfXeefzfz/JXUqu/gOSCpAd1/IE+/D4qadq06od06SvYUP1st7QMqWwz8oPml5v/SxhRrQ06z/HdplPXl79QjX/i9gXNRmyLwVxU4ZJkD4B3ZtBe3ZlSvC8IRuJy26RTkPcrUnNF6QDQhYntFZJDhJbF3oSO0LsVvpXkWhtVmvm5Zi8RfyD31b1zXaIo7\"]}]},\"storage\":{},\"systemd\":{}}",
            "snippets": null,
            "strict": true
          },
          "sensitive_attributes": []
        }
      ]
    },
    {
      "module": "module.instance",
      "mode": "managed",
      "type": "aws_eip",
      "name": "eip",
      "provider": "provider[\"registry.terraform.io/hashicorp/aws\"]",
      "instances": [
        {
          "schema_version": 0,
          "attributes": {
            "address": null,
            "allocation_id": "eipalloc-0b0589bc21f5cc33b",
            "associate_with_private_ip": null,
            "association_id": "eipassoc-0a42b4058b63b082f",
            "carrier_ip": "",
            "customer_owned_ip": "",
            "customer_owned_ipv4_pool": "",
            "domain": "vpc",
            "id": "eipalloc-0b0589bc21f5cc33b",
            "instance": "i-0427132a4c80c40d0",
            "network_border_group": "us-east-1",
            "network_interface": "eni-0055493534e07899b",
            "private_dns": "ip-172-31-80-84.ec2.internal",
            "private_ip": "172.31.80.84",
            "public_dns": "ec2-107-23-236-75.compute-1.amazonaws.com",
            "public_ip": "107.23.236.75",
            "public_ipv4_pool": "amazon",
            "tags": {},
            "tags_all": {},
            "timeouts": null,
            "vpc": true
          },
          "sensitive_attributes": [],
          "private": "eyJlMmJmYjczMC1lY2FhLTExZTYtOGY4OC0zNDM2M2JjN2M0YzAiOnsiZGVsZXRlIjoxODAwMDAwMDAwMDAsInJlYWQiOjkwMDAwMDAwMDAwMCwidXBkYXRlIjozMDAwMDAwMDAwMDB9fQ=="
        }
      ]
    },
    {
      "module": "module.instance",
      "mode": "managed",
      "type": "aws_eip_association",
      "name": "eip_assoc",
      "provider": "provider[\"registry.terraform.io/hashicorp/aws\"]",
      "instances": [
        {
          "schema_version": 0,
          "attributes": {
            "allocation_id": "eipalloc-0b0589bc21f5cc33b",
            "allow_reassociation": null,
            "id": "eipassoc-0a42b4058b63b082f",
            "instance_id": "i-0427132a4c80c40d0",
            "network_interface_id": "eni-0055493534e07899b",
            "private_ip_address": "172.31.80.84",
            "public_ip": "107.23.236.75"
          },
          "sensitive_attributes": [],
          "private": "bnVsbA==",
          "dependencies": [
            "module.instance.aws_eip.eip",
            "module.instance.aws_instance.app_server",
            "module.instance.data.ct_config.config",
            "module.networking.data.aws_vpc.default",
            "module.networking.module.ec2_sg.aws_security_group.this",
            "module.networking.module.ec2_sg.aws_security_group.this_name_prefix",
            "module.ssh.tls_private_key.test"
          ]
        }
      ]
    },
    {
      "module": "module.instance",
      "mode": "managed",
      "type": "aws_instance",
      "name": "app_server",
      "provider": "provider[\"registry.terraform.io/hashicorp/aws\"]",
      "instances": [
        {
          "schema_version": 1,
          "attributes": {
            "ami": "ami-0bba7c37b9de21f04",
            "arn": "arn:aws:ec2:us-east-1:292207864946:instance/i-0427132a4c80c40d0",
            "associate_public_ip_address": true,
            "availability_zone": "us-east-1d",
            "capacity_reservation_specification": [
              {
                "capacity_reservation_preference": "open",
                "capacity_reservation_target": []
              }
            ],
            "cpu_core_count": 1,
            "cpu_threads_per_core": 1,
            "credit_specification": [
              {
                "cpu_credits": "standard"
              }
            ],
            "disable_api_termination": false,
            "ebs_block_device": [],
            "ebs_optimized": false,
            "enclave_options": [
              {
                "enabled": false
              }
            ],
            "ephemeral_block_device": [],
            "get_password_data": false,
            "hibernation": false,
            "host_id": null,
            "iam_instance_profile": "",
            "id": "i-0427132a4c80c40d0",
            "instance_initiated_shutdown_behavior": "stop",
            "instance_state": "running",
            "instance_type": "t2.micro",
            "ipv6_address_count": 0,
            "ipv6_addresses": [],
            "key_name": "deployer-key",
            "launch_template": [],
            "metadata_options": [
              {
                "http_endpoint": "enabled",
                "http_put_response_hop_limit": 2,
                "http_tokens": "required",
                "instance_metadata_tags": "disabled"
              }
            ],
            "monitoring": false,
            "network_interface": [],
            "outpost_arn": "",
            "password_data": "",
            "placement_group": "",
            "placement_partition_number": null,
            "primary_network_interface_id": "eni-0055493534e07899b",
            "private_dns": "ip-172-31-80-84.ec2.internal",
            "private_ip": "172.31.80.84",
            "public_dns": "ec2-107-23-236-75.compute-1.amazonaws.com",
            "public_ip": "107.23.236.75",
            "root_block_device": [
              {
                "delete_on_termination": true,
                "device_name": "/dev/xvda",
                "encrypted": false,
                "iops": 3000,
                "kms_key_id": "",
                "tags": {},
                "throughput": 125,
                "volume_id": "vol-0af3dea061a1d03a7",
                "volume_size": 10,
                "volume_type": "gp3"
              }
            ],
            "secondary_private_ips": [],
            "security_groups": [
              "ec2_sg-20231211224636493800000001"
            ],
            "source_dest_check": true,
            "subnet_id": "subnet-063b12593deab4a2e",
            "tags": {
              "Name": "Study AppServer"
            },
            "tags_all": {
              "Name": "Study AppServer"
            },
            "tenancy": "default",
            "timeouts": null,
            "user_data": "134bfeed5f5171978609973a4a7402f7e9b9ef6c",
            "user_data_base64": null,
            "volume_tags": null,
            "vpc_security_group_ids": [
              "sg-007f86d0ea90e2437"
            ]
          },
          "sensitive_attributes": [],
          "private": "eyJlMmJmYjczMC1lY2FhLTExZTYtOGY4OC0zNDM2M2JjN2M0YzAiOnsiY3JlYXRlIjo2MDAwMDAwMDAwMDAsImRlbGV0ZSI6MTIwMDAwMDAwMDAwMCwidXBkYXRlIjo2MDAwMDAwMDAwMDB9LCJzY2hlbWFfdmVyc2lvbiI6IjEifQ==",
          "dependencies": [
            "module.instance.data.ct_config.config",
            "module.networking.data.aws_vpc.default",
            "module.networking.module.ec2_sg.aws_security_group.this",
            "module.networking.module.ec2_sg.aws_security_group.this_name_prefix",
            "module.ssh.tls_private_key.test"
          ]
        }
      ]
    },
    {
      "module": "module.networking",
      "mode": "data",
      "type": "aws_vpc",
      "name": "default",
      "provider": "provider[\"registry.terraform.io/hashicorp/aws\"]",
      "instances": [
        {
          "schema_version": 0,
          "attributes": {
            "arn": "arn:aws:ec2:us-east-1:292207864946:vpc/vpc-0567017728c33c96e",
            "cidr_block": "172.31.0.0/16",
            "cidr_block_associations": [
              {
                "association_id": "vpc-cidr-assoc-0acacf2122a898a6f",
                "cidr_block": "172.31.0.0/16",
                "state": "associated"
              }
            ],
            "default": true,
            "dhcp_options_id": "dopt-02d41b1598b71d2f3",
            "enable_dns_hostnames": true,
            "enable_dns_support": true,
            "filter": null,
            "id": "vpc-0567017728c33c96e",
            "instance_tenancy": "default",
            "ipv6_association_id": "",
            "ipv6_cidr_block": "",
            "main_route_table_id": "rtb-01b38df9d75fe28f6",
            "owner_id": "292207864946",
            "state": null,
            "tags": {}
          },
          "sensitive_attributes": []
        }
      ]
    },
    {
      "module": "module.networking.module.ec2_sg",
      "mode": "managed",
      "type": "aws_security_group",
      "name": "this_name_prefix",
      "provider": "provider[\"registry.terraform.io/hashicorp/aws\"]",
      "instances": [
        {
          "index_key": 0,
          "schema_version": 1,
          "attributes": {
            "arn": "arn:aws:ec2:us-east-1:292207864946:security-group/sg-007f86d0ea90e2437",
            "description": "Security group for ec2_sg",
            "egress": [
              {
                "cidr_blocks": [
                  "0.0.0.0/0"
                ],
                "description": "All protocols",
                "from_port": 0,
                "ipv6_cidr_blocks": [
                  "::/0"
                ],
                "prefix_list_ids": [],
                "protocol": "-1",
                "security_groups": [],
                "self": false,
                "to_port": 0
              }
            ],
            "id": "sg-007f86d0ea90e2437",
            "ingress": [
              {
                "cidr_blocks": [
                  "0.0.0.0/0"
                ],
                "description": "All IPV4 ICMP",
                "from_port": -1,
                "ipv6_cidr_blocks": [],
                "prefix_list_ids": [],
                "protocol": "icmp",
                "security_groups": [],
                "self": false,
                "to_port": -1
              },
              {
                "cidr_blocks": [
                  "0.0.0.0/0"
                ],
                "description": "HTTP",
                "from_port": 80,
                "ipv6_cidr_blocks": [],
                "prefix_list_ids": [],
                "protocol": "tcp",
                "security_groups": [],
                "self": false,
                "to_port": 80
              },
              {
                "cidr_blocks": [
                  "0.0.0.0/0"
                ],
                "description": "HTTPS",
                "from_port": 443,
                "ipv6_cidr_blocks": [],
                "prefix_list_ids": [],
                "protocol": "tcp",
                "security_groups": [],
                "self": false,
                "to_port": 443
              },
              {
                "cidr_blocks": [
                  "0.0.0.0/0"
                ],
                "description": "SSH",
                "from_port": 22,
                "ipv6_cidr_blocks": [],
                "prefix_list_ids": [],
                "protocol": "tcp",
                "security_groups": [],
                "self": false,
                "to_port": 22
              }
            ],
            "name": "ec2_sg-20231211224636493800000001",
            "name_prefix": "ec2_sg-",
            "owner_id": "292207864946",
            "revoke_rules_on_delete": false,
            "tags": {
              "Name": "ec2_sg"
            },
            "tags_all": {
              "Name": "ec2_sg"
            },
            "timeouts": {
              "create": "10m",
              "delete": "15m"
            },
            "vpc_id": "vpc-0567017728c33c96e"
          },
          "sensitive_attributes": [],
          "private": "eyJlMmJmYjczMC1lY2FhLTExZTYtOGY4OC0zNDM2M2JjN2M0YzAiOnsiY3JlYXRlIjo2MDAwMDAwMDAwMDAsImRlbGV0ZSI6OTAwMDAwMDAwMDAwfSwic2NoZW1hX3ZlcnNpb24iOiIxIn0=",
          "dependencies": [
            "module.networking.data.aws_vpc.default"
          ],
          "create_before_destroy": true
        }
      ]
    },
    {
      "module": "module.networking.module.ec2_sg",
      "mode": "managed",
      "type": "aws_security_group_rule",
      "name": "egress_rules",
      "provider": "provider[\"registry.terraform.io/hashicorp/aws\"]",
      "instances": [
        {
          "index_key": 0,
          "schema_version": 2,
          "attributes": {
            "cidr_blocks": [
              "0.0.0.0/0"
            ],
            "description": "All protocols",
            "from_port": 0,
            "id": "sgrule-1228990803",
            "ipv6_cidr_blocks": [
              "::/0"
            ],
            "prefix_list_ids": [],
            "protocol": "-1",
            "security_group_id": "sg-007f86d0ea90e2437",
            "self": false,
            "source_security_group_id": null,
            "to_port": 0,
            "type": "egress"
          },
          "sensitive_attributes": [],
          "private": "eyJzY2hlbWFfdmVyc2lvbiI6IjIifQ==",
          "dependencies": [
            "module.networking.data.aws_vpc.default",
            "module.networking.module.ec2_sg.aws_security_group.this",
            "module.networking.module.ec2_sg.aws_security_group.this_name_prefix"
          ]
        }
      ]
    },
    {
      "module": "module.networking.module.ec2_sg",
      "mode": "managed",
      "type": "aws_security_group_rule",
      "name": "ingress_rules",
      "provider": "provider[\"registry.terraform.io/hashicorp/aws\"]",
      "instances": [
        {
          "index_key": 0,
          "schema_version": 2,
          "attributes": {
            "cidr_blocks": [
              "0.0.0.0/0"
            ],
            "description": "HTTP",
            "from_port": 80,
            "id": "sgrule-3953596154",
            "ipv6_cidr_blocks": [],
            "prefix_list_ids": [],
            "protocol": "tcp",
            "security_group_id": "sg-007f86d0ea90e2437",
            "self": false,
            "source_security_group_id": null,
            "to_port": 80,
            "type": "ingress"
          },
          "sensitive_attributes": [],
          "private": "eyJzY2hlbWFfdmVyc2lvbiI6IjIifQ==",
          "dependencies": [
            "module.networking.data.aws_vpc.default",
            "module.networking.module.ec2_sg.aws_security_group.this",
            "module.networking.module.ec2_sg.aws_security_group.this_name_prefix"
          ]
        },
        {
          "index_key": 1,
          "schema_version": 2,
          "attributes": {
            "cidr_blocks": [
              "0.0.0.0/0"
            ],
            "description": "HTTPS",
            "from_port": 443,
            "id": "sgrule-3164878131",
            "ipv6_cidr_blocks": [],
            "prefix_list_ids": [],
            "protocol": "tcp",
            "security_group_id": "sg-007f86d0ea90e2437",
            "self": false,
            "source_security_group_id": null,
            "to_port": 443,
            "type": "ingress"
          },
          "sensitive_attributes": [],
          "private": "eyJzY2hlbWFfdmVyc2lvbiI6IjIifQ==",
          "dependencies": [
            "module.networking.data.aws_vpc.default",
            "module.networking.module.ec2_sg.aws_security_group.this",
            "module.networking.module.ec2_sg.aws_security_group.this_name_prefix"
          ]
        },
        {
          "index_key": 2,
          "schema_version": 2,
          "attributes": {
            "cidr_blocks": [
              "0.0.0.0/0"
            ],
            "description": "All IPV4 ICMP",
            "from_port": -1,
            "id": "sgrule-2405674725",
            "ipv6_cidr_blocks": [],
            "prefix_list_ids": [],
            "protocol": "icmp",
            "security_group_id": "sg-007f86d0ea90e2437",
            "self": false,
            "source_security_group_id": null,
            "to_port": -1,
            "type": "ingress"
          },
          "sensitive_attributes": [],
          "private": "eyJzY2hlbWFfdmVyc2lvbiI6IjIifQ==",
          "dependencies": [
            "module.networking.data.aws_vpc.default",
            "module.networking.module.ec2_sg.aws_security_group.this",
            "module.networking.module.ec2_sg.aws_security_group.this_name_prefix"
          ]
        },
        {
          "index_key": 3,
          "schema_version": 2,
          "attributes": {
            "cidr_blocks": [
              "0.0.0.0/0"
            ],
            "description": "SSH",
            "from_port": 22,
            "id": "sgrule-1563249487",
            "ipv6_cidr_blocks": [],
            "prefix_list_ids": [],
            "protocol": "tcp",
            "security_group_id": "sg-007f86d0ea90e2437",
            "self": false,
            "source_security_group_id": null,
            "to_port": 22,
            "type": "ingress"
          },
          "sensitive_attributes": [],
          "private": "eyJzY2hlbWFfdmVyc2lvbiI6IjIifQ==",
          "dependencies": [
            "module.networking.data.aws_vpc.default",
            "module.networking.module.ec2_sg.aws_security_group.this",
            "module.networking.module.ec2_sg.aws_security_group.this_name_prefix"
          ]
        }
      ]
    },
    {
      "module": "module.ssh",
      "mode": "managed",
      "type": "local_file",
      "name": "private_key",
      "provider": "provider[\"registry.terraform.io/hashicorp/local\"]",
      "instances": [
        {
          "schema_version": 0,
          "attributes": {
            "content": "-----BEGIN RSA PRIVATE KEY-----\nMIIEpQIBAAKCAQEAtJSQfOe80XpmgoiVKPpOLQ/OdwKmiK71wJyfP/Sohup2/Ptk\ndF0BQ8TVABNfMgGHW2QRfcfJYRahZO+vFCbIq0FHvnsurXaY90exb7XHVOwaObjA\n/MQeriF4YJEI8GL2l5IfVbocxtDJbDSyoWKrdXyJsn13nn838/yV1Krv4DkgqQHd\nfyBPvw+KmnatOqHdOkr2FD9bLe0DKlsM/KD5peb/0sYUa0NOs/x3aZT15e/UI1/4\nvYFzUZsi8FcVOGSZA+Ad2bQXt2ZUrwvCEbictukU5D3K1JzRekA0IWJ7RWSQ4SWx\nd6EjtC7Fb6V5FobVZr5uWYvEX8g99W9c12iKOwIDAQABAoIBAQCrBk11zrCYoNk3\nZY4HWlDyApdjRYJdz3525p84nkmCRctdu+YfAvqwqVmmEbLGFIaSusqKGs6SAjHm\n+84QQs8oytHdCKNjrAAhqqfVCg94UYhhBKbafhAkkRSGOLaDnOa5FK5SrcqVTaaG\nsb5AdMe4pLNw9b11wj1G+gEZgq9e5oTQnzcbrsr6dFsTGc8XdLRGYj3KSJYTElDG\neQaZwePxeob8ZEtkNrDH9ItHssPEpqigrH8gyvyPb1ZLvLWIxwUGHlaP+grul7ce\nfhuAPrpwJYb834mrWABdPkD41G4KhWvZGLVIjnTlhF60pmf0aBcBaStmYiLPI47M\nUVWrafmpAoGBANbs8x46ieQGeTHI12fOA1e7WL6yudrK3Sj99jTK7YCiYNx0zAl+\ndoaUDY2q7izo19S8i8woKUUO/paUtVw6iXhNowHONdAR6mxJXVmQqhiV8k59/Uwc\nLoSwu1LrjgL9LrcrOStejvJcFAQZJbDbPtSa7fzaHZHMrhpZemxsliitAoGBANcX\nTXGjWeZuMHEyT9qw3gGIs9RNKnLn03vA4Pgji0CcSYkquriUExhiO3lfkQGR9agK\nXdYjU/GFnQ6DPR0uOaLVVNWsIBxpUW9788xAlznn49wYsZn5qQdyMJAYMsR7OUKD\nw6hDgzzbB5rB/WoPF4CJS2TM6xOdjDzot1ttTVOHAoGBAKUCTrXKo8tZ3PqIBDlC\nRfa5c60VcvO0BJBQSxLFKgs0n8EiOvSfD0jLqow1y57XNb2y9HHN88F9faEGkyc4\nGgsvMBNWyqHw31Y8DVuSYcV2eg4hVLN2f5CIT4meJ+3LjG481Sui8YTJhOSQmgtq\niJaaTFVw8Hrb9l9siz1rMO4RAoGAAJCDF4VCOySW4/Up2H0WWBKvxiLdtad+GpkK\n/hu5xdWjK8T88HcTBcFcPplNnB9x8Zr1XBaDpeKf4uXdRzJT3GWK73SgMPLlz9EX\ndrXEr9Y39t/pt2m8U9Ss4/PsTi+0msQVw19J/OLmRjW0II8hlKjHleAjzc1gDNjf\nglHrHgkCgYEArquRzwEph/Bnfl52ProwksHvlMTG6B7czKa07IGaKj9jawmheBDk\n5VSAguhXsYcoy+hm5Vq1H4F/a47d2pLl5mtklEBlYqvA6ZNmexsE+hbgfEKvXcri\npXikUs5cv1V7NIV3IlwIEBCyfj7AsNiiKlqGcoJZJECU2z/dYIj2Jlk=\n-----END RSA PRIVATE KEY-----\n",
            "content_base64": null,
            "content_base64sha256": "tSjjNT1K7SJsrk7HXtO6W1vgF4beV53gEtitluVNUxg=",
            "content_base64sha512": "KpCRmQG74L60Fl0nh2/nvbF2KnUdw+0oC+jpSm6hxN2hvwP0J1XKJSrGhllj4iGyzC8yLxBQI0GIF3jyhVXqKw==",
            "content_md5": "f4e372d36a56f70463499736a904c855",
            "content_sha1": "4b726efee78e635249cbb35c57c609b887c687f9",
            "content_sha256": "b528e3353d4aed226cae4ec75ed3ba5b5be01786de579de012d8ad96e54d5318",
            "content_sha512": "2a90919901bbe0beb4165d27876fe7bdb1762a751dc3ed280be8e94a6ea1c4dda1bf03f42755ca252ac6865963e221b2cc2f322f10502341881778f28555ea2b",
            "directory_permission": "0777",
            "file_permission": "0600",
            "filename": "ssh_keys/staging.pem",
            "id": "4b726efee78e635249cbb35c57c609b887c687f9",
            "sensitive_content": null,
            "source": null
          },
          "sensitive_attributes": [
            [
              {
                "type": "get_attr",
                "value": "content"
              }
            ]
          ],
          "dependencies": [
            "module.ssh.tls_private_key.test"
          ]
        }
      ]
    },
    {
      "module": "module.ssh",
      "mode": "managed",
      "type": "local_file",
      "name": "public_key",
      "provider": "provider[\"registry.terraform.io/hashicorp/local\"]",
      "instances": [
        {
          "schema_version": 0,
          "attributes": {
            "content": "-----BEGIN PUBLIC KEY-----\nMIIBIjANBgkqhkiG9w0BAQEFAAOCAQ8AMIIBCgKCAQEAtJSQfOe80XpmgoiVKPpO\nLQ/OdwKmiK71wJyfP/Sohup2/PtkdF0BQ8TVABNfMgGHW2QRfcfJYRahZO+vFCbI\nq0FHvnsurXaY90exb7XHVOwaObjA/MQeriF4YJEI8GL2l5IfVbocxtDJbDSyoWKr\ndXyJsn13nn838/yV1Krv4DkgqQHdfyBPvw+KmnatOqHdOkr2FD9bLe0DKlsM/KD5\npeb/0sYUa0NOs/x3aZT15e/UI1/4vYFzUZsi8FcVOGSZA+Ad2bQXt2ZUrwvCEbic\ntukU5D3K1JzRekA0IWJ7RWSQ4SWxd6EjtC7Fb6V5FobVZr5uWYvEX8g99W9c12iK\nOwIDAQAB\n-----END PUBLIC KEY-----\n",
            "content_base64": null,
            "content_base64sha256": "oyPp2vsl20Fe7N1lIZCTT1DSIUWfBv/nCoqjmtcYCrc=",
            "content_base64sha512": "/O/RuMrD//WCvkwFggrEo9pDO5VtiMAhZUTcvYyTtvq2Zg/2rgZ/Fo7NjHk/sFhknDDrJFANKMifz/Eo9Wa8Jw==",
            "content_md5": "f9e8d52bc17fbfe82e56ec6b93cf5cfb",
            "content_sha1": "ce71519c1f6164ff286a6c24cc53a5104454e613",
            "content_sha256": "a323e9dafb25db415eecdd652190934f50d221459f06ffe70a8aa39ad7180ab7",
            "content_sha512": "fcefd1b8cac3fff582be4c05820ac4a3da433b956d88c0216544dcbd8c93b6fab6660ff6ae067f168ecd8c793fb058649c30eb24500d28c89fcff128f566bc27",
            "directory_permission": "0777",
            "file_permission": "0600",
            "filename": "instance/staging.pub",
            "id": "ce71519c1f6164ff286a6c24cc53a5104454e613",
            "sensitive_content": null,
            "source": null
          },
          "sensitive_attributes": [],
          "dependencies": [
            "module.ssh.tls_private_key.test"
          ]
        }
      ]
    },
    {
      "module": "module.ssh",
      "mode": "managed",
      "type": "tls_private_key",
      "name": "test",
      "provider": "provider[\"registry.terraform.io/hashicorp/tls\"]",
      "instances": [
        {
          "schema_version": 1,
          "attributes": {
            "algorithm": "RSA",
            "ecdsa_curve": "P224",
            "id": "7bda479444251d220d5d790285c1c7753dc5d3bf",
            "private_key_openssh": "-----BEGIN OPENSSH PRIVATE KEY-----\nb3BlbnNzaC1rZXktdjEAAAAABG5vbmUAAAAEbm9uZQAAAAAAAAABAAABFwAAAAdz\nc2gtcnNhAAAAAwEAAQAAAQEAtJSQfOe80XpmgoiVKPpOLQ/OdwKmiK71wJyfP/So\nhup2/PtkdF0BQ8TVABNfMgGHW2QRfcfJYRahZO+vFCbIq0FHvnsurXaY90exb7XH\nVOwaObjA/MQeriF4YJEI8GL2l5IfVbocxtDJbDSyoWKrdXyJsn13nn838/yV1Krv\n4DkgqQHdfyBPvw+KmnatOqHdOkr2FD9bLe0DKlsM/KD5peb/0sYUa0NOs/x3aZT1\n5e/UI1/4vYFzUZsi8FcVOGSZA+Ad2bQXt2ZUrwvCEbictukU5D3K1JzRekA0IWJ7\nRWSQ4SWxd6EjtC7Fb6V5FobVZr5uWYvEX8g99W9c12iKOwAAA7hb3YGnW92BpwAA\nAAdzc2gtcnNhAAABAQC0lJB857zRemaCiJUo+k4tD853AqaIrvXAnJ8/9KiG6nb8\n+2R0XQFDxNUAE18yAYdbZBF9x8lhFqFk768UJsirQUe+ey6tdpj3R7FvtcdU7Bo5\nuMD8xB6uIXhgkQjwYvaXkh9VuhzG0MlsNLKhYqt1fImyfXeefzfz/JXUqu/gOSCp\nAd1/IE+/D4qadq06od06SvYUP1st7QMqWwz8oPml5v/SxhRrQ06z/HdplPXl79Qj\nX/i9gXNRmyLwVxU4ZJkD4B3ZtBe3ZlSvC8IRuJy26RTkPcrUnNF6QDQhYntFZJDh\nJbF3oSO0LsVvpXkWhtVmvm5Zi8RfyD31b1zXaIo7AAAAAwEAAQAAAQEAqwZNdc6w\nmKDZN2WOB1pQ8gKXY0WCXc9+duafOJ5JgkXLXbvmHwL6sKlZphGyxhSGkrrKihrO\nkgIx5vvOEELPKMrR3QijY6wAIaqn1QoPeFGIYQSm2n4QJJEUhji2g5zmuRSuUq3K\nlU2mhrG+QHTHuKSzcPW9dcI9RvoBGYKvXuaE0J83G67K+nRbExnPF3S0RmI9ykiW\nExJQxnkGmcHj8XqG/GRLZDawx/SLR7LDxKaooKx/IMr8j29WS7y1iMcFBh5Wj/oK\n7pe3Hn4bgD66cCWG/N+Jq1gAXT5A+NRuCoVr2Ri1SI505YRetKZn9GgXAWkrZmIi\nzyOOzFFVq2n5qQAAAIEArquRzwEph/Bnfl52ProwksHvlMTG6B7czKa07IGaKj9j\nawmheBDk5VSAguhXsYcoy+hm5Vq1H4F/a47d2pLl5mtklEBlYqvA6ZNmexsE+hbg\nfEKvXcripXikUs5cv1V7NIV3IlwIEBCyfj7AsNiiKlqGcoJZJECU2z/dYIj2JlkA\nAACBANbs8x46ieQGeTHI12fOA1e7WL6yudrK3Sj99jTK7YCiYNx0zAl+doaUDY2q\n7izo19S8i8woKUUO/paUtVw6iXhNowHONdAR6mxJXVmQqhiV8k59/UwcLoSwu1Lr\njgL9LrcrOStejvJcFAQZJbDbPtSa7fzaHZHMrhpZemxsliitAAAAgQDXF01xo1nm\nbjBxMk/asN4BiLPUTSpy59N7wOD4I4tAnEmJKrq4lBMYYjt5X5EBkfWoCl3WI1Px\nhZ0Ogz0dLjmi1VTVrCAcaVFve/PMQJc55+PcGLGZ+akHcjCQGDLEezlCg8OoQ4M8\n2weawf1qDxeAiUtkzOsTnYw86LdbbU1ThwAAAAAB\n-----END OPENSSH PRIVATE KEY-----\n",
            "private_key_pem": "-----BEGIN RSA PRIVATE KEY-----\nMIIEpQIBAAKCAQEAtJSQfOe80XpmgoiVKPpOLQ/OdwKmiK71wJyfP/Sohup2/Ptk\ndF0BQ8TVABNfMgGHW2QRfcfJYRahZO+vFCbIq0FHvnsurXaY90exb7XHVOwaObjA\n/MQeriF4YJEI8GL2l5IfVbocxtDJbDSyoWKrdXyJsn13nn838/yV1Krv4DkgqQHd\nfyBPvw+KmnatOqHdOkr2FD9bLe0DKlsM/KD5peb/0sYUa0NOs/x3aZT15e/UI1/4\nvYFzUZsi8FcVOGSZA+Ad2bQXt2ZUrwvCEbictukU5D3K1JzRekA0IWJ7RWSQ4SWx\nd6EjtC7Fb6V5FobVZr5uWYvEX8g99W9c12iKOwIDAQABAoIBAQCrBk11zrCYoNk3\nZY4HWlDyApdjRYJdz3525p84nkmCRctdu+YfAvqwqVmmEbLGFIaSusqKGs6SAjHm\n+84QQs8oytHdCKNjrAAhqqfVCg94UYhhBKbafhAkkRSGOLaDnOa5FK5SrcqVTaaG\nsb5AdMe4pLNw9b11wj1G+gEZgq9e5oTQnzcbrsr6dFsTGc8XdLRGYj3KSJYTElDG\neQaZwePxeob8ZEtkNrDH9ItHssPEpqigrH8gyvyPb1ZLvLWIxwUGHlaP+grul7ce\nfhuAPrpwJYb834mrWABdPkD41G4KhWvZGLVIjnTlhF60pmf0aBcBaStmYiLPI47M\nUVWrafmpAoGBANbs8x46ieQGeTHI12fOA1e7WL6yudrK3Sj99jTK7YCiYNx0zAl+\ndoaUDY2q7izo19S8i8woKUUO/paUtVw6iXhNowHONdAR6mxJXVmQqhiV8k59/Uwc\nLoSwu1LrjgL9LrcrOStejvJcFAQZJbDbPtSa7fzaHZHMrhpZemxsliitAoGBANcX\nTXGjWeZuMHEyT9qw3gGIs9RNKnLn03vA4Pgji0CcSYkquriUExhiO3lfkQGR9agK\nXdYjU/GFnQ6DPR0uOaLVVNWsIBxpUW9788xAlznn49wYsZn5qQdyMJAYMsR7OUKD\nw6hDgzzbB5rB/WoPF4CJS2TM6xOdjDzot1ttTVOHAoGBAKUCTrXKo8tZ3PqIBDlC\nRfa5c60VcvO0BJBQSxLFKgs0n8EiOvSfD0jLqow1y57XNb2y9HHN88F9faEGkyc4\nGgsvMBNWyqHw31Y8DVuSYcV2eg4hVLN2f5CIT4meJ+3LjG481Sui8YTJhOSQmgtq\niJaaTFVw8Hrb9l9siz1rMO4RAoGAAJCDF4VCOySW4/Up2H0WWBKvxiLdtad+GpkK\n/hu5xdWjK8T88HcTBcFcPplNnB9x8Zr1XBaDpeKf4uXdRzJT3GWK73SgMPLlz9EX\ndrXEr9Y39t/pt2m8U9Ss4/PsTi+0msQVw19J/OLmRjW0II8hlKjHleAjzc1gDNjf\nglHrHgkCgYEArquRzwEph/Bnfl52ProwksHvlMTG6B7czKa07IGaKj9jawmheBDk\n5VSAguhXsYcoy+hm5Vq1H4F/a47d2pLl5mtklEBlYqvA6ZNmexsE+hbgfEKvXcri\npXikUs5cv1V7NIV3IlwIEBCyfj7AsNiiKlqGcoJZJECU2z/dYIj2Jlk=\n-----END RSA PRIVATE KEY-----\n",
            "private_key_pem_pkcs8": "-----BEGIN PRIVATE KEY-----\nMIIEvwIBADANBgkqhkiG9w0BAQEFAASCBKkwggSlAgEAAoIBAQC0lJB857zRemaC\niJUo+k4tD853AqaIrvXAnJ8/9KiG6nb8+2R0XQFDxNUAE18yAYdbZBF9x8lhFqFk\n768UJsirQUe+ey6tdpj3R7FvtcdU7Bo5uMD8xB6uIXhgkQjwYvaXkh9VuhzG0Mls\nNLKhYqt1fImyfXeefzfz/JXUqu/gOSCpAd1/IE+/D4qadq06od06SvYUP1st7QMq\nWwz8oPml5v/SxhRrQ06z/HdplPXl79QjX/i9gXNRmyLwVxU4ZJkD4B3ZtBe3ZlSv\nC8IRuJy26RTkPcrUnNF6QDQhYntFZJDhJbF3oSO0LsVvpXkWhtVmvm5Zi8RfyD31\nb1zXaIo7AgMBAAECggEBAKsGTXXOsJig2TdljgdaUPICl2NFgl3PfnbmnzieSYJF\ny1275h8C+rCpWaYRssYUhpK6yooazpICMeb7zhBCzyjK0d0Io2OsACGqp9UKD3hR\niGEEptp+ECSRFIY4toOc5rkUrlKtypVNpoaxvkB0x7iks3D1vXXCPUb6ARmCr17m\nhNCfNxuuyvp0WxMZzxd0tEZiPcpIlhMSUMZ5BpnB4/F6hvxkS2Q2sMf0i0eyw8Sm\nqKCsfyDK/I9vVku8tYjHBQYeVo/6Cu6Xtx5+G4A+unAlhvzfiatYAF0+QPjUbgqF\na9kYtUiOdOWEXrSmZ/RoFwFpK2ZiIs8jjsxRVatp+akCgYEA1uzzHjqJ5AZ5McjX\nZ84DV7tYvrK52srdKP32NMrtgKJg3HTMCX52hpQNjaruLOjX1LyLzCgpRQ7+lpS1\nXDqJeE2jAc410BHqbEldWZCqGJXyTn39TBwuhLC7UuuOAv0utys5K16O8lwUBBkl\nsNs+1Jrt/NodkcyuGll6bGyWKK0CgYEA1xdNcaNZ5m4wcTJP2rDeAYiz1E0qcufT\ne8Dg+COLQJxJiSq6uJQTGGI7eV+RAZH1qApd1iNT8YWdDoM9HS45otVU1awgHGlR\nb3vzzECXOefj3BixmfmpB3IwkBgyxHs5QoPDqEODPNsHmsH9ag8XgIlLZMzrE52M\nPOi3W21NU4cCgYEApQJOtcqjy1nc+ogEOUJF9rlzrRVy87QEkFBLEsUqCzSfwSI6\n9J8PSMuqjDXLntc1vbL0cc3zwX19oQaTJzgaCy8wE1bKofDfVjwNW5JhxXZ6DiFU\ns3Z/kIhPiZ4n7cuMbjzVK6LxhMmE5JCaC2qIlppMVXDwetv2X2yLPWsw7hECgYAA\nkIMXhUI7JJbj9SnYfRZYEq/GIt21p34amQr+G7nF1aMrxPzwdxMFwVw+mU2cH3Hx\nmvVcFoOl4p/i5d1HMlPcZYrvdKAw8uXP0Rd2tcSv1jf23+m3abxT1Kzj8+xOL7Sa\nxBXDX0n84uZGNbQgjyGUqMeV4CPNzWAM2N+CUeseCQKBgQCuq5HPASmH8Gd+XnY+\nujCSwe+UxMboHtzMprTsgZoqP2NrCaF4EOTlVICC6FexhyjL6GblWrUfgX9rjt3a\nkuXma2SUQGViq8Dpk2Z7GwT6FuB8Qq9dyuKleKRSzly/VXs0hXciXAgQELJ+PsCw\n2KIqWoZyglkkQJTbP91giPYmWQ==\n-----END PRIVATE KEY-----\n",
            "public_key_fingerprint_md5": "c9:52:32:29:43:c6:dc:35:cd:59:3c:5b:5f:e7:18:bf",
            "public_key_fingerprint_sha256": "SHA256:AhLRwmEKTKiaJdS1dwb2rYpqBJ6aDdINIA6KbkBYHB4",
            "public_key_openssh": "ssh-rsa AAAAB3NzaC1yc2EAAAADAQABAAABAQC0lJB857zRemaCiJUo+k4tD853AqaIrvXAnJ8/9KiG6nb8+2R0XQFDxNUAE18yAYdbZBF9x8lhFqFk768UJsirQUe+ey6tdpj3R7FvtcdU7Bo5uMD8xB6uIXhgkQjwYvaXkh9VuhzG0MlsNLKhYqt1fImyfXeefzfz/JXUqu/gOSCpAd1/IE+/D4qadq06od06SvYUP1st7QMqWwz8oPml5v/SxhRrQ06z/HdplPXl79QjX/i9gXNRmyLwVxU4ZJkD4B3ZtBe3ZlSvC8IRuJy26RTkPcrUnNF6QDQhYntFZJDhJbF3oSO0LsVvpXkWhtVmvm5Zi8RfyD31b1zXaIo7\n",
            "public_key_pem": "-----BEGIN PUBLIC KEY-----\nMIIBIjANBgkqhkiG9w0BAQEFAAOCAQ8AMIIBCgKCAQEAtJSQfOe80XpmgoiVKPpO\nLQ/OdwKmiK71wJyfP/Sohup2/PtkdF0BQ8TVABNfMgGHW2QRfcfJYRahZO+vFCbI\nq0FHvnsurXaY90exb7XHVOwaObjA/MQeriF4YJEI8GL2l5IfVbocxtDJbDSyoWKr\ndXyJsn13nn838/yV1Krv4DkgqQHdfyBPvw+KmnatOqHdOkr2FD9bLe0DKlsM/KD5\npeb/0sYUa0NOs/x3aZT15e/UI1/4vYFzUZsi8FcVOGSZA+Ad2bQXt2ZUrwvCEbic\ntukU5D3K1JzRekA0IWJ7RWSQ4SWxd6EjtC7Fb6V5FobVZr5uWYvEX8g99W9c12iK\nOwIDAQAB\n-----END PUBLIC KEY-----\n",
            "rsa_bits": 2048
          },
          "sensitive_attributes": []
        }
      ]
    }
  ],
  "check_results": null
}
