{
  "version": 4,
  "terraform_version": "1.6.5",
  "serial": 107,
  "lineage": "7ae6db82-9b2e-1fd3-afa4-4c6692fa2f39",
  "outputs": {
    "public_ip": {
      "value": "54.84.239.196",
      "type": "string"
    }
  },
  "resources": [
    {
      "module": "module.instance",
      "mode": "data",
      "type": "ct_config",
      "name": "config",
      "provider": "provider[\"registry.terraform.io/poseidon/ct\"]",
      "instances": [
        {
          "schema_version": 0,
          "attributes": {
            "content": "variant: fcos\nversion: 1.2.0\npasswd:\n  users:\n  - name: core\n    ssh_authorized_keys:\n    - ssh-rsa AAAAB3NzaC1yc2EAAAADAQABAAABAQDOwCQRSED6HzmhRz46QXcB9VaFQNkePYafWxU/ab8iYFQpD3xgD3g+YI3ROkgso48hSlcQXy2lqbXhrEsLOp7wIjzYzuEf7corU6eTd52GDT1veohhe4guvs9tBYKFor/HwYTBytP2mzHVVY8Zdw5RBVFAj5gP+OUzZguw7+2/ZZ6nu7wwNzpjxd2okx+J6KXBua+gojhFd151SW9lY5N5x9wPxsezOUMfchKAjScIFKTpERkrNIsw7QDSieoL/h9vlK1doB8F21G3lfNCRi9kcBiijmMwiJQ88pBQtPd/JcTQAzNs36/sxOP/K8JE3b+rCGOlHTNqsqMJPMIWZGwp\n\n    groups:\n      - docker",
            "id": "2697545832",
            "pretty_print": false,
            "rendered": "{\"ignition\":{\"config\":{\"replace\":{\"verification\":{}}},\"proxy\":{},\"security\":{\"tls\":{}},\"timeouts\":{},\"version\":\"3.4.0\"},\"kernelArguments\":{},\"passwd\":{\"users\":[{\"groups\":[\"docker\"],\"name\":\"core\",\"sshAuthorizedKeys\":[\"ssh-rsa AAAAB3NzaC1yc2EAAAADAQABAAABAQDOwCQRSED6HzmhRz46QXcB9VaFQNkePYafWxU/ab8iYFQpD3xgD3g+YI3ROkgso48hSlcQXy2lqbXhrEsLOp7wIjzYzuEf7corU6eTd52GDT1veohhe4guvs9tBYKFor/HwYTBytP2mzHVVY8Zdw5RBVFAj5gP+OUzZguw7+2/ZZ6nu7wwNzpjxd2okx+J6KXBua+gojhFd151SW9lY5N5x9wPxsezOUMfchKAjScIFKTpERkrNIsw7QDSieoL/h9vlK1doB8F21G3lfNCRi9kcBiijmMwiJQ88pBQtPd/JcTQAzNs36/sxOP/K8JE3b+rCGOlHTNqsqMJPMIWZGwp\"]}]},\"storage\":{},\"systemd\":{}}",
            "snippets": null,
            "strict": true
          },
          "sensitive_attributes": []
        }
      ]
    },
    {
      "module": "module.instance",
      "mode": "managed",
      "type": "aws_eip",
      "name": "eip",
      "provider": "provider[\"registry.terraform.io/hashicorp/aws\"]",
      "instances": [
        {
          "schema_version": 0,
          "attributes": {
            "address": null,
            "allocation_id": "eipalloc-03c862050f11261e2",
            "associate_with_private_ip": null,
            "association_id": "eipassoc-0a37390fdb8ac2c61",
            "carrier_ip": "",
            "customer_owned_ip": "",
            "customer_owned_ipv4_pool": "",
            "domain": "vpc",
            "id": "eipalloc-03c862050f11261e2",
            "instance": "i-0217749a1f739f2db",
            "network_border_group": "us-east-1",
            "network_interface": "eni-0bece0b43ae715446",
            "private_dns": "ip-172-31-34-253.ec2.internal",
            "private_ip": "172.31.34.253",
            "public_dns": "ec2-54-84-239-196.compute-1.amazonaws.com",
            "public_ip": "54.84.239.196",
            "public_ipv4_pool": "amazon",
            "tags": {},
            "tags_all": {},
            "timeouts": null,
            "vpc": true
          },
          "sensitive_attributes": [],
          "private": "eyJlMmJmYjczMC1lY2FhLTExZTYtOGY4OC0zNDM2M2JjN2M0YzAiOnsiZGVsZXRlIjoxODAwMDAwMDAwMDAsInJlYWQiOjkwMDAwMDAwMDAwMCwidXBkYXRlIjozMDAwMDAwMDAwMDB9fQ=="
        }
      ]
    },
    {
      "module": "module.instance",
      "mode": "managed",
      "type": "aws_eip_association",
      "name": "eip_assoc",
      "provider": "provider[\"registry.terraform.io/hashicorp/aws\"]",
      "instances": [
        {
          "schema_version": 0,
          "attributes": {
            "allocation_id": "eipalloc-03c862050f11261e2",
            "allow_reassociation": null,
            "id": "eipassoc-0a12c03a829b19e5b",
            "instance_id": "i-0a9ea2d30384c8cd9",
            "network_interface_id": "eni-00303e1d3fa32501b",
            "private_ip_address": "172.31.35.136",
            "public_ip": "54.84.239.196"
          },
          "sensitive_attributes": [],
          "private": "bnVsbA==",
          "dependencies": [
            "module.instance.aws_eip.eip",
            "module.instance.aws_instance.app_server",
            "module.instance.data.ct_config.config",
            "module.networking.data.aws_vpc.default",
            "module.networking.module.ec2_sg.aws_security_group.this",
            "module.networking.module.ec2_sg.aws_security_group.this_name_prefix",
            "module.ssh.tls_private_key.test"
          ]
        }
      ]
    },
    {
      "module": "module.instance",
      "mode": "managed",
      "type": "aws_instance",
      "name": "app_server",
      "provider": "provider[\"registry.terraform.io/hashicorp/aws\"]",
      "instances": [
        {
          "schema_version": 1,
          "attributes": {
            "ami": "ami-0bba7c37b9de21f04",
            "arn": "arn:aws:ec2:us-east-1:292207864946:instance/i-0a9ea2d30384c8cd9",
            "associate_public_ip_address": true,
            "availability_zone": "us-east-1b",
            "capacity_reservation_specification": [
              {
                "capacity_reservation_preference": "open",
                "capacity_reservation_target": []
              }
            ],
            "cpu_core_count": 1,
            "cpu_threads_per_core": 1,
            "credit_specification": [
              {
                "cpu_credits": "standard"
              }
            ],
            "disable_api_termination": false,
            "ebs_block_device": [],
            "ebs_optimized": false,
            "enclave_options": [
              {
                "enabled": false
              }
            ],
            "ephemeral_block_device": [],
            "get_password_data": false,
            "hibernation": false,
            "host_id": null,
            "iam_instance_profile": "",
            "id": "i-0a9ea2d30384c8cd9",
            "instance_initiated_shutdown_behavior": "stop",
            "instance_state": "running",
            "instance_type": "t2.micro",
            "ipv6_address_count": 0,
            "ipv6_addresses": [],
            "key_name": "",
            "launch_template": [],
            "metadata_options": [
              {
                "http_endpoint": "enabled",
                "http_put_response_hop_limit": 2,
                "http_tokens": "required",
                "instance_metadata_tags": "disabled"
              }
            ],
            "monitoring": false,
            "network_interface": [],
            "outpost_arn": "",
            "password_data": "",
            "placement_group": "",
            "placement_partition_number": null,
            "primary_network_interface_id": "eni-00303e1d3fa32501b",
            "private_dns": "ip-172-31-35-136.ec2.internal",
            "private_ip": "172.31.35.136",
            "public_dns": "ec2-3-85-121-179.compute-1.amazonaws.com",
            "public_ip": "3.85.121.179",
            "root_block_device": [
              {
                "delete_on_termination": true,
                "device_name": "/dev/xvda",
                "encrypted": false,
                "iops": 3000,
                "kms_key_id": "",
                "tags": {},
                "throughput": 125,
                "volume_id": "vol-00bdf1b6b2e82e754",
                "volume_size": 10,
                "volume_type": "gp3"
              }
            ],
            "secondary_private_ips": [],
            "security_groups": [
              "ec2_sg-20231211210700968800000001"
            ],
            "source_dest_check": true,
            "subnet_id": "subnet-0354ef482351017f2",
            "tags": {
              "Name": "Study AppServer"
            },
            "tags_all": {
              "Name": "Study AppServer"
            },
            "tenancy": "default",
            "timeouts": null,
            "user_data": "db1cd284a83b33bd78c9c56fe648279964728aee",
            "user_data_base64": null,
            "volume_tags": null,
            "vpc_security_group_ids": [
              "sg-04f64cafe86d50358"
            ]
          },
          "sensitive_attributes": [],
          "private": "eyJlMmJmYjczMC1lY2FhLTExZTYtOGY4OC0zNDM2M2JjN2M0YzAiOnsiY3JlYXRlIjo2MDAwMDAwMDAwMDAsImRlbGV0ZSI6MTIwMDAwMDAwMDAwMCwidXBkYXRlIjo2MDAwMDAwMDAwMDB9LCJzY2hlbWFfdmVyc2lvbiI6IjEifQ==",
          "dependencies": [
            "module.instance.data.ct_config.config",
            "module.networking.data.aws_vpc.default",
            "module.networking.module.ec2_sg.aws_security_group.this",
            "module.networking.module.ec2_sg.aws_security_group.this_name_prefix",
            "module.ssh.tls_private_key.test"
          ]
        }
      ]
    },
    {
      "module": "module.networking",
      "mode": "data",
      "type": "aws_vpc",
      "name": "default",
      "provider": "provider[\"registry.terraform.io/hashicorp/aws\"]",
      "instances": [
        {
          "schema_version": 0,
          "attributes": {
            "arn": "arn:aws:ec2:us-east-1:292207864946:vpc/vpc-0567017728c33c96e",
            "cidr_block": "172.31.0.0/16",
            "cidr_block_associations": [
              {
                "association_id": "vpc-cidr-assoc-0acacf2122a898a6f",
                "cidr_block": "172.31.0.0/16",
                "state": "associated"
              }
            ],
            "default": true,
            "dhcp_options_id": "dopt-02d41b1598b71d2f3",
            "enable_dns_hostnames": true,
            "enable_dns_support": true,
            "filter": null,
            "id": "vpc-0567017728c33c96e",
            "instance_tenancy": "default",
            "ipv6_association_id": "",
            "ipv6_cidr_block": "",
            "main_route_table_id": "rtb-01b38df9d75fe28f6",
            "owner_id": "292207864946",
            "state": null,
            "tags": {}
          },
          "sensitive_attributes": []
        }
      ]
    },
    {
      "module": "module.networking.module.ec2_sg",
      "mode": "managed",
      "type": "aws_security_group",
      "name": "this",
      "provider": "provider[\"registry.terraform.io/hashicorp/aws\"]",
      "instances": []
    },
    {
      "module": "module.networking.module.ec2_sg",
      "mode": "managed",
      "type": "aws_security_group",
      "name": "this_name_prefix",
      "provider": "provider[\"registry.terraform.io/hashicorp/aws\"]",
      "instances": [
        {
          "index_key": 0,
          "schema_version": 1,
          "attributes": {
            "arn": "arn:aws:ec2:us-east-1:292207864946:security-group/sg-04f64cafe86d50358",
            "description": "Security group for ec2_sg",
            "egress": [
              {
                "cidr_blocks": [
                  "0.0.0.0/0"
                ],
                "description": "All protocols",
                "from_port": 0,
                "ipv6_cidr_blocks": [
                  "::/0"
                ],
                "prefix_list_ids": [],
                "protocol": "-1",
                "security_groups": [],
                "self": false,
                "to_port": 0
              }
            ],
            "id": "sg-04f64cafe86d50358",
            "ingress": [
              {
                "cidr_blocks": [
                  "0.0.0.0/0"
                ],
                "description": "All IPV4 ICMP",
                "from_port": -1,
                "ipv6_cidr_blocks": [],
                "prefix_list_ids": [],
                "protocol": "icmp",
                "security_groups": [],
                "self": false,
                "to_port": -1
              },
              {
                "cidr_blocks": [
                  "0.0.0.0/0"
                ],
                "description": "HTTP",
                "from_port": 80,
                "ipv6_cidr_blocks": [],
                "prefix_list_ids": [],
                "protocol": "tcp",
                "security_groups": [],
                "self": false,
                "to_port": 80
              },
              {
                "cidr_blocks": [
                  "0.0.0.0/0"
                ],
                "description": "HTTPS",
                "from_port": 443,
                "ipv6_cidr_blocks": [],
                "prefix_list_ids": [],
                "protocol": "tcp",
                "security_groups": [],
                "self": false,
                "to_port": 443
              },
              {
                "cidr_blocks": [
                  "0.0.0.0/0"
                ],
                "description": "SSH",
                "from_port": 22,
                "ipv6_cidr_blocks": [],
                "prefix_list_ids": [],
                "protocol": "tcp",
                "security_groups": [],
                "self": false,
                "to_port": 22
              }
            ],
            "name": "ec2_sg-20231211210700968800000001",
            "name_prefix": "ec2_sg-",
            "owner_id": "292207864946",
            "revoke_rules_on_delete": false,
            "tags": {
              "Name": "ec2_sg"
            },
            "tags_all": {
              "Name": "ec2_sg"
            },
            "timeouts": {
              "create": "10m",
              "delete": "15m"
            },
            "vpc_id": "vpc-0567017728c33c96e"
          },
          "sensitive_attributes": [],
          "private": "eyJlMmJmYjczMC1lY2FhLTExZTYtOGY4OC0zNDM2M2JjN2M0YzAiOnsiY3JlYXRlIjo2MDAwMDAwMDAwMDAsImRlbGV0ZSI6OTAwMDAwMDAwMDAwfSwic2NoZW1hX3ZlcnNpb24iOiIxIn0=",
          "dependencies": [
            "module.networking.data.aws_vpc.default"
          ],
          "create_before_destroy": true
        }
      ]
    },
    {
      "module": "module.networking.module.ec2_sg",
      "mode": "managed",
      "type": "aws_security_group_rule",
      "name": "egress_rules",
      "provider": "provider[\"registry.terraform.io/hashicorp/aws\"]",
      "instances": [
        {
          "index_key": 0,
          "schema_version": 2,
          "attributes": {
            "cidr_blocks": [
              "0.0.0.0/0"
            ],
            "description": "All protocols",
            "from_port": 0,
            "id": "sgrule-88956329",
            "ipv6_cidr_blocks": [
              "::/0"
            ],
            "prefix_list_ids": [],
            "protocol": "-1",
            "security_group_id": "sg-04f64cafe86d50358",
            "self": false,
            "source_security_group_id": null,
            "to_port": 0,
            "type": "egress"
          },
          "sensitive_attributes": [],
          "private": "eyJzY2hlbWFfdmVyc2lvbiI6IjIifQ==",
          "dependencies": [
            "module.networking.data.aws_vpc.default",
            "module.networking.module.ec2_sg.aws_security_group.this",
            "module.networking.module.ec2_sg.aws_security_group.this_name_prefix"
          ]
        }
      ]
    },
    {
      "module": "module.networking.module.ec2_sg",
      "mode": "managed",
      "type": "aws_security_group_rule",
      "name": "ingress_rules",
      "provider": "provider[\"registry.terraform.io/hashicorp/aws\"]",
      "instances": [
        {
          "index_key": 0,
          "schema_version": 2,
          "attributes": {
            "cidr_blocks": [
              "0.0.0.0/0"
            ],
            "description": "HTTP",
            "from_port": 80,
            "id": "sgrule-2917988273",
            "ipv6_cidr_blocks": [],
            "prefix_list_ids": [],
            "protocol": "tcp",
            "security_group_id": "sg-04f64cafe86d50358",
            "self": false,
            "source_security_group_id": null,
            "to_port": 80,
            "type": "ingress"
          },
          "sensitive_attributes": [],
          "private": "eyJzY2hlbWFfdmVyc2lvbiI6IjIifQ==",
          "dependencies": [
            "module.networking.data.aws_vpc.default",
            "module.networking.module.ec2_sg.aws_security_group.this",
            "module.networking.module.ec2_sg.aws_security_group.this_name_prefix"
          ]
        },
        {
          "index_key": 1,
          "schema_version": 2,
          "attributes": {
            "cidr_blocks": [
              "0.0.0.0/0"
            ],
            "description": "HTTPS",
            "from_port": 443,
            "id": "sgrule-2015639384",
            "ipv6_cidr_blocks": [],
            "prefix_list_ids": [],
            "protocol": "tcp",
            "security_group_id": "sg-04f64cafe86d50358",
            "self": false,
            "source_security_group_id": null,
            "to_port": 443,
            "type": "ingress"
          },
          "sensitive_attributes": [],
          "private": "eyJzY2hlbWFfdmVyc2lvbiI6IjIifQ==",
          "dependencies": [
            "module.networking.data.aws_vpc.default",
            "module.networking.module.ec2_sg.aws_security_group.this",
            "module.networking.module.ec2_sg.aws_security_group.this_name_prefix"
          ]
        },
        {
          "index_key": 2,
          "schema_version": 2,
          "attributes": {
            "cidr_blocks": [
              "0.0.0.0/0"
            ],
            "description": "All IPV4 ICMP",
            "from_port": -1,
            "id": "sgrule-1081036796",
            "ipv6_cidr_blocks": [],
            "prefix_list_ids": [],
            "protocol": "icmp",
            "security_group_id": "sg-04f64cafe86d50358",
            "self": false,
            "source_security_group_id": null,
            "to_port": -1,
            "type": "ingress"
          },
          "sensitive_attributes": [],
          "private": "eyJzY2hlbWFfdmVyc2lvbiI6IjIifQ==",
          "dependencies": [
            "module.networking.data.aws_vpc.default",
            "module.networking.module.ec2_sg.aws_security_group.this",
            "module.networking.module.ec2_sg.aws_security_group.this_name_prefix"
          ]
        },
        {
          "index_key": 3,
          "schema_version": 2,
          "attributes": {
            "cidr_blocks": [
              "0.0.0.0/0"
            ],
            "description": "SSH",
            "from_port": 22,
            "id": "sgrule-459713028",
            "ipv6_cidr_blocks": [],
            "prefix_list_ids": [],
            "protocol": "tcp",
            "security_group_id": "sg-04f64cafe86d50358",
            "self": false,
            "source_security_group_id": null,
            "to_port": 22,
            "type": "ingress"
          },
          "sensitive_attributes": [],
          "private": "eyJzY2hlbWFfdmVyc2lvbiI6IjIifQ==",
          "dependencies": [
            "module.networking.data.aws_vpc.default",
            "module.networking.module.ec2_sg.aws_security_group.this",
            "module.networking.module.ec2_sg.aws_security_group.this_name_prefix"
          ]
        }
      ]
    },
    {
      "module": "module.ssh",
      "mode": "managed",
      "type": "local_file",
      "name": "private_key",
      "provider": "provider[\"registry.terraform.io/hashicorp/local\"]",
      "instances": [
        {
          "schema_version": 0,
          "attributes": {
            "content": "-----BEGIN RSA PRIVATE KEY-----\nMIIEpQIBAAKCAQEAzsAkEUhA+h85oUc+OkF3AfVWhUDZHj2Gn1sVP2m/ImBUKQ98\nYA94PmCN0TpILKOPIUpXEF8tpam14axLCzqe8CI82M7hH+3KK1Onk3edhg09b3qI\nYXuILr7PbQWChaK/x8GEwcrT9psx1VWPGXcOUQVRQI+YD/jlM2YLsO/tv2Wep7u8\nMDc6Y8XdqJMfieilwbmvoKI4RXdedUlvZWOTecfcD8bHszlDH3ISgI0nCBSk6REZ\nKzSLMO0A0onqC/4fb5StXaAfBdtRt5XzQkYvZHAYoo5jMIiUPPKQULT3fyXE0AMz\nbN+v7MTj/yvCRN2/qwhjpR0zarKjCTzCFmRsKQIDAQABAoIBAQC5MPRdopnJMVT+\nuIDtz5vY3jg8reSNKNFARmbW4VK6aQyZpuxiYxjyzqvZQNpLWcooKJ2p5YdOv6BS\nX3DswvqA4Doefdi7L9UKUClndxpba9qe02P75ZoLPRExd2D9cNVWCWpv581LNKJD\nlBrU1Ya2Xgv0x2qOzAQJsRtBxvfvmmsNhUUk2k2NR0bCxb6RvA4IIY3UDrD5MdiV\nrMazBeDJDTC7oDPMWjZ/WTfmPeD2XbtfZU9ErenkiM5HGeCij7UmJ+1tz3lGH6hP\nBAQPW7AixSsKyWjZyxtd2yc3JkUxRqVkNuHNCbOlARnxmtwXQkoeKWBnQxP5V0Wy\n70r0yiI9AoGBANtCDDcYp0u2BiDzcOsLm3A64wEvm2/YepdqQclUG3AD1Zq1USm3\ntm9EdjMxRxDbR2Wik+foWig/7GYitw69S0jEnUuPnjlTqhM3FCBJaOyszPqX/bby\ny3/xbVEDlsAUsiKBS0pSlG/Au8T8zN19vzE+RRfAFSPeNpxBJJdVvxyLAoGBAPFl\niTOqA3pZJKl/VtpnL5hRi6AijbXKvVXoz/mxlTkm/vxdOXyXvLX+Xqe25jgjDDPp\nAmhKte9vi4FWTB405LheX/jgnJDxauF4uLBPTbJLUsN5OwnoqCwY3s2aAyWK1jJs\nh0/t95reH8+xn9we7xGHsaC6wSWDUjI7qv7t2uybAoGBAKr/j9dIevEpPQ5lziMC\nInAc/P3nyyongzSjwjrqRZvO4cCOuIX4qWeN1UGHpQ0Yd05kxUWQiP/rGsttN6df\nKl/ON36+u3+qKHJj+mZT2mj7O8IU1+Le6KcX+1G7os6bVXJjs/x6+xlNDyRKpNv5\nPiuBjRFA1TvsCltC0u7UCQCRAoGBAO/Wq/zS3GXBD/X/+PFCOD2kN4/BBP8sEfW7\nPHefgt2n6wweK7GoqOxBcRY9WHtKByPETIoGQMFGGFtGvJX+g4jS65PAxo4T7tda\nNFWoVU/iGrbwSkJMEFrP0v6AGMRCLxMmVUKK8snCC+U1W9k+OtU19rv1EVYOJaqX\nMgvbkvolAoGAUGaNPxCEizm5/TDiqJRNBLbmrf855Wi6ItE8IpOkmqKNo60B1uNC\nU02KuhfqhVY/h+ecF/eqCgArNxXEYaDIVCNyvYC+C2kuMcIVxklrroiCYkg5Babz\nOESUs3TroF5D4jg0DZkIXBGwtjR1ZrergA5zyB/SIc0Tg005VMEAg5s=\n-----END RSA PRIVATE KEY-----\n",
            "content_base64": null,
            "content_base64sha256": "s5Swl6B97JGyZsMLUlu6t9w4SqiWOLW8JV+NAov7uPk=",
            "content_base64sha512": "/DNirb1PNZRd6vUpHVfCPq0VS83d4mJ9ZkoYsulSHiQu3mHRZVlrL0Y98VnTQSVXP6MesID1rqf0fADNMNSO+g==",
            "content_md5": "00c9db0e49b23c10088c0d377036f9be",
            "content_sha1": "58d0e1200d44311fe43e020b6a14edab4c3b36aa",
            "content_sha256": "b394b097a07dec91b266c30b525bbab7dc384aa89638b5bc255f8d028bfbb8f9",
            "content_sha512": "fc3362adbd4f35945deaf5291d57c23ead154bcddde2627d664a18b2e9521e242ede61d165596b2f463df159d34125573fa31eb080f5aea7f47c00cd30d48efa",
            "directory_permission": "0777",
            "file_permission": "0600",
            "filename": "ssh_keys/staging.pem",
            "id": "58d0e1200d44311fe43e020b6a14edab4c3b36aa",
            "sensitive_content": null,
            "source": null
          },
          "sensitive_attributes": [
            [
              {
                "type": "get_attr",
                "value": "content"
              }
            ]
          ],
          "dependencies": [
            "module.ssh.tls_private_key.test"
          ]
        }
      ]
    },
    {
      "module": "module.ssh",
      "mode": "managed",
      "type": "tls_private_key",
      "name": "test",
      "provider": "provider[\"registry.terraform.io/hashicorp/tls\"]",
      "instances": [
        {
          "schema_version": 1,
          "attributes": {
            "algorithm": "RSA",
            "ecdsa_curve": "P224",
            "id": "a68505928fce2f1137f0d41732ecca144a36ac3c",
            "private_key_openssh": "-----BEGIN OPENSSH PRIVATE KEY-----\nb3BlbnNzaC1rZXktdjEAAAAABG5vbmUAAAAEbm9uZQAAAAAAAAABAAABFwAAAAdz\nc2gtcnNhAAAAAwEAAQAAAQEAzsAkEUhA+h85oUc+OkF3AfVWhUDZHj2Gn1sVP2m/\nImBUKQ98YA94PmCN0TpILKOPIUpXEF8tpam14axLCzqe8CI82M7hH+3KK1Onk3ed\nhg09b3qIYXuILr7PbQWChaK/x8GEwcrT9psx1VWPGXcOUQVRQI+YD/jlM2YLsO/t\nv2Wep7u8MDc6Y8XdqJMfieilwbmvoKI4RXdedUlvZWOTecfcD8bHszlDH3ISgI0n\nCBSk6REZKzSLMO0A0onqC/4fb5StXaAfBdtRt5XzQkYvZHAYoo5jMIiUPPKQULT3\nfyXE0AMzbN+v7MTj/yvCRN2/qwhjpR0zarKjCTzCFmRsKQAAA7jc1nFN3NZxTQAA\nAAdzc2gtcnNhAAABAQDOwCQRSED6HzmhRz46QXcB9VaFQNkePYafWxU/ab8iYFQp\nD3xgD3g+YI3ROkgso48hSlcQXy2lqbXhrEsLOp7wIjzYzuEf7corU6eTd52GDT1v\neohhe4guvs9tBYKFor/HwYTBytP2mzHVVY8Zdw5RBVFAj5gP+OUzZguw7+2/ZZ6n\nu7wwNzpjxd2okx+J6KXBua+gojhFd151SW9lY5N5x9wPxsezOUMfchKAjScIFKTp\nERkrNIsw7QDSieoL/h9vlK1doB8F21G3lfNCRi9kcBiijmMwiJQ88pBQtPd/JcTQ\nAzNs36/sxOP/K8JE3b+rCGOlHTNqsqMJPMIWZGwpAAAAAwEAAQAAAQEAuTD0XaKZ\nyTFU/riA7c+b2N44PK3kjSjRQEZm1uFSumkMmabsYmMY8s6r2UDaS1nKKCidqeWH\nTr+gUl9w7ML6gOA6Hn3Yuy/VClApZ3caW2vantNj++WaCz0RMXdg/XDVVglqb+fN\nSzSiQ5Qa1NWGtl4L9MdqjswECbEbQcb375prDYVFJNpNjUdGwsW+kbwOCCGN1A6w\n+THYlazGswXgyQ0wu6AzzFo2f1k35j3g9l27X2VPRK3p5IjORxngoo+1Jiftbc95\nRh+oTwQED1uwIsUrCslo2csbXdsnNyZFMUalZDbhzQmzpQEZ8ZrcF0JKHilgZ0MT\n+VdFsu9K9MoiPQAAAIBQZo0/EISLObn9MOKolE0Etuat/znlaLoi0Twik6Saoo2j\nrQHW40JTTYq6F+qFVj+H55wX96oKACs3FcRhoMhUI3K9gL4LaS4xwhXGSWuuiIJi\nSDkFpvM4RJSzdOugXkPiODQNmQhcEbC2NHVmt6uADnPIH9IhzRODTTlUwQCDmwAA\nAIEA20IMNxinS7YGIPNw6wubcDrjAS+bb9h6l2pByVQbcAPVmrVRKbe2b0R2MzFH\nENtHZaKT5+haKD/sZiK3Dr1LSMSdS4+eOVOqEzcUIElo7KzM+pf9tvLLf/FtUQOW\nwBSyIoFLSlKUb8C7xPzM3X2/MT5FF8AVI942nEEkl1W/HIsAAACBAPFliTOqA3pZ\nJKl/VtpnL5hRi6AijbXKvVXoz/mxlTkm/vxdOXyXvLX+Xqe25jgjDDPpAmhKte9v\ni4FWTB405LheX/jgnJDxauF4uLBPTbJLUsN5OwnoqCwY3s2aAyWK1jJsh0/t95re\nH8+xn9we7xGHsaC6wSWDUjI7qv7t2uybAAAAAAEC\n-----END OPENSSH PRIVATE KEY-----\n",
            "private_key_pem": "-----BEGIN RSA PRIVATE KEY-----\nMIIEpQIBAAKCAQEAzsAkEUhA+h85oUc+OkF3AfVWhUDZHj2Gn1sVP2m/ImBUKQ98\nYA94PmCN0TpILKOPIUpXEF8tpam14axLCzqe8CI82M7hH+3KK1Onk3edhg09b3qI\nYXuILr7PbQWChaK/x8GEwcrT9psx1VWPGXcOUQVRQI+YD/jlM2YLsO/tv2Wep7u8\nMDc6Y8XdqJMfieilwbmvoKI4RXdedUlvZWOTecfcD8bHszlDH3ISgI0nCBSk6REZ\nKzSLMO0A0onqC/4fb5StXaAfBdtRt5XzQkYvZHAYoo5jMIiUPPKQULT3fyXE0AMz\nbN+v7MTj/yvCRN2/qwhjpR0zarKjCTzCFmRsKQIDAQABAoIBAQC5MPRdopnJMVT+\nuIDtz5vY3jg8reSNKNFARmbW4VK6aQyZpuxiYxjyzqvZQNpLWcooKJ2p5YdOv6BS\nX3DswvqA4Doefdi7L9UKUClndxpba9qe02P75ZoLPRExd2D9cNVWCWpv581LNKJD\nlBrU1Ya2Xgv0x2qOzAQJsRtBxvfvmmsNhUUk2k2NR0bCxb6RvA4IIY3UDrD5MdiV\nrMazBeDJDTC7oDPMWjZ/WTfmPeD2XbtfZU9ErenkiM5HGeCij7UmJ+1tz3lGH6hP\nBAQPW7AixSsKyWjZyxtd2yc3JkUxRqVkNuHNCbOlARnxmtwXQkoeKWBnQxP5V0Wy\n70r0yiI9AoGBANtCDDcYp0u2BiDzcOsLm3A64wEvm2/YepdqQclUG3AD1Zq1USm3\ntm9EdjMxRxDbR2Wik+foWig/7GYitw69S0jEnUuPnjlTqhM3FCBJaOyszPqX/bby\ny3/xbVEDlsAUsiKBS0pSlG/Au8T8zN19vzE+RRfAFSPeNpxBJJdVvxyLAoGBAPFl\niTOqA3pZJKl/VtpnL5hRi6AijbXKvVXoz/mxlTkm/vxdOXyXvLX+Xqe25jgjDDPp\nAmhKte9vi4FWTB405LheX/jgnJDxauF4uLBPTbJLUsN5OwnoqCwY3s2aAyWK1jJs\nh0/t95reH8+xn9we7xGHsaC6wSWDUjI7qv7t2uybAoGBAKr/j9dIevEpPQ5lziMC\nInAc/P3nyyongzSjwjrqRZvO4cCOuIX4qWeN1UGHpQ0Yd05kxUWQiP/rGsttN6df\nKl/ON36+u3+qKHJj+mZT2mj7O8IU1+Le6KcX+1G7os6bVXJjs/x6+xlNDyRKpNv5\nPiuBjRFA1TvsCltC0u7UCQCRAoGBAO/Wq/zS3GXBD/X/+PFCOD2kN4/BBP8sEfW7\nPHefgt2n6wweK7GoqOxBcRY9WHtKByPETIoGQMFGGFtGvJX+g4jS65PAxo4T7tda\nNFWoVU/iGrbwSkJMEFrP0v6AGMRCLxMmVUKK8snCC+U1W9k+OtU19rv1EVYOJaqX\nMgvbkvolAoGAUGaNPxCEizm5/TDiqJRNBLbmrf855Wi6ItE8IpOkmqKNo60B1uNC\nU02KuhfqhVY/h+ecF/eqCgArNxXEYaDIVCNyvYC+C2kuMcIVxklrroiCYkg5Babz\nOESUs3TroF5D4jg0DZkIXBGwtjR1ZrergA5zyB/SIc0Tg005VMEAg5s=\n-----END RSA PRIVATE KEY-----\n",
            "private_key_pem_pkcs8": "-----BEGIN PRIVATE KEY-----\nMIIEvwIBADANBgkqhkiG9w0BAQEFAASCBKkwggSlAgEAAoIBAQDOwCQRSED6Hzmh\nRz46QXcB9VaFQNkePYafWxU/ab8iYFQpD3xgD3g+YI3ROkgso48hSlcQXy2lqbXh\nrEsLOp7wIjzYzuEf7corU6eTd52GDT1veohhe4guvs9tBYKFor/HwYTBytP2mzHV\nVY8Zdw5RBVFAj5gP+OUzZguw7+2/ZZ6nu7wwNzpjxd2okx+J6KXBua+gojhFd151\nSW9lY5N5x9wPxsezOUMfchKAjScIFKTpERkrNIsw7QDSieoL/h9vlK1doB8F21G3\nlfNCRi9kcBiijmMwiJQ88pBQtPd/JcTQAzNs36/sxOP/K8JE3b+rCGOlHTNqsqMJ\nPMIWZGwpAgMBAAECggEBALkw9F2imckxVP64gO3Pm9jeODyt5I0o0UBGZtbhUrpp\nDJmm7GJjGPLOq9lA2ktZyigonanlh06/oFJfcOzC+oDgOh592Lsv1QpQKWd3Gltr\n2p7TY/vlmgs9ETF3YP1w1VYJam/nzUs0okOUGtTVhrZeC/THao7MBAmxG0HG9++a\naw2FRSTaTY1HRsLFvpG8DgghjdQOsPkx2JWsxrMF4MkNMLugM8xaNn9ZN+Y94PZd\nu19lT0St6eSIzkcZ4KKPtSYn7W3PeUYfqE8EBA9bsCLFKwrJaNnLG13bJzcmRTFG\npWQ24c0Js6UBGfGa3BdCSh4pYGdDE/lXRbLvSvTKIj0CgYEA20IMNxinS7YGIPNw\n6wubcDrjAS+bb9h6l2pByVQbcAPVmrVRKbe2b0R2MzFHENtHZaKT5+haKD/sZiK3\nDr1LSMSdS4+eOVOqEzcUIElo7KzM+pf9tvLLf/FtUQOWwBSyIoFLSlKUb8C7xPzM\n3X2/MT5FF8AVI942nEEkl1W/HIsCgYEA8WWJM6oDelkkqX9W2mcvmFGLoCKNtcq9\nVejP+bGVOSb+/F05fJe8tf5ep7bmOCMMM+kCaEq172+LgVZMHjTkuF5f+OCckPFq\n4Xi4sE9NsktSw3k7CeioLBjezZoDJYrWMmyHT+33mt4fz7Gf3B7vEYexoLrBJYNS\nMjuq/u3a7JsCgYEAqv+P10h68Sk9DmXOIwIicBz8/efLKieDNKPCOupFm87hwI64\nhfipZ43VQYelDRh3TmTFRZCI/+say203p18qX843fr67f6oocmP6ZlPaaPs7whTX\n4t7opxf7UbuizptVcmOz/Hr7GU0PJEqk2/k+K4GNEUDVO+wKW0LS7tQJAJECgYEA\n79ar/NLcZcEP9f/48UI4PaQ3j8EE/ywR9bs8d5+C3afrDB4rsaio7EFxFj1Ye0oH\nI8RMigZAwUYYW0a8lf6DiNLrk8DGjhPu11o0VahVT+IatvBKQkwQWs/S/oAYxEIv\nEyZVQoryycIL5TVb2T461TX2u/URVg4lqpcyC9uS+iUCgYBQZo0/EISLObn9MOKo\nlE0Etuat/znlaLoi0Twik6Saoo2jrQHW40JTTYq6F+qFVj+H55wX96oKACs3FcRh\noMhUI3K9gL4LaS4xwhXGSWuuiIJiSDkFpvM4RJSzdOugXkPiODQNmQhcEbC2NHVm\nt6uADnPIH9IhzRODTTlUwQCDmw==\n-----END PRIVATE KEY-----\n",
            "public_key_fingerprint_md5": "6b:a6:b7:fc:51:0a:bf:66:b1:d1:d5:d8:e4:46:41:a6",
            "public_key_fingerprint_sha256": "SHA256:2xYrUH4UVP3vEui6EjxeqlM0NobvuE6tsjr0ZU231Pg",
            "public_key_openssh": "ssh-rsa AAAAB3NzaC1yc2EAAAADAQABAAABAQDOwCQRSED6HzmhRz46QXcB9VaFQNkePYafWxU/ab8iYFQpD3xgD3g+YI3ROkgso48hSlcQXy2lqbXhrEsLOp7wIjzYzuEf7corU6eTd52GDT1veohhe4guvs9tBYKFor/HwYTBytP2mzHVVY8Zdw5RBVFAj5gP+OUzZguw7+2/ZZ6nu7wwNzpjxd2okx+J6KXBua+gojhFd151SW9lY5N5x9wPxsezOUMfchKAjScIFKTpERkrNIsw7QDSieoL/h9vlK1doB8F21G3lfNCRi9kcBiijmMwiJQ88pBQtPd/JcTQAzNs36/sxOP/K8JE3b+rCGOlHTNqsqMJPMIWZGwp\n",
            "public_key_pem": "-----BEGIN PUBLIC KEY-----\nMIIBIjANBgkqhkiG9w0BAQEFAAOCAQ8AMIIBCgKCAQEAzsAkEUhA+h85oUc+OkF3\nAfVWhUDZHj2Gn1sVP2m/ImBUKQ98YA94PmCN0TpILKOPIUpXEF8tpam14axLCzqe\n8CI82M7hH+3KK1Onk3edhg09b3qIYXuILr7PbQWChaK/x8GEwcrT9psx1VWPGXcO\nUQVRQI+YD/jlM2YLsO/tv2Wep7u8MDc6Y8XdqJMfieilwbmvoKI4RXdedUlvZWOT\necfcD8bHszlDH3ISgI0nCBSk6REZKzSLMO0A0onqC/4fb5StXaAfBdtRt5XzQkYv\nZHAYoo5jMIiUPPKQULT3fyXE0AMzbN+v7MTj/yvCRN2/qwhjpR0zarKjCTzCFmRs\nKQIDAQAB\n-----END PUBLIC KEY-----\n",
            "rsa_bits": 2048
          },
          "sensitive_attributes": []
        }
      ]
    }
  ],
  "check_results": null
}
